// !$*UTF8*$!
{
	archiveVersion = 1;
	classes = {
	};
	objectVersion = 50;
	objects = {

/* Begin PBXBuildFile section */
		550FD2FE247FEA5B00955CBA /* AppDelegate.swift in Sources */ = {isa = PBXBuildFile; fileRef = 550FD2FD247FEA5B00955CBA /* AppDelegate.swift */; };
		550FD300247FEA5B00955CBA /* SceneDelegate.swift in Sources */ = {isa = PBXBuildFile; fileRef = 550FD2FF247FEA5B00955CBA /* SceneDelegate.swift */; };
		550FD302247FEA5B00955CBA /* ContentView.swift in Sources */ = {isa = PBXBuildFile; fileRef = 550FD301247FEA5B00955CBA /* ContentView.swift */; };
		550FD304247FEA5E00955CBA /* Assets.xcassets in Resources */ = {isa = PBXBuildFile; fileRef = 550FD303247FEA5E00955CBA /* Assets.xcassets */; };
		550FD307247FEA5E00955CBA /* Preview Assets.xcassets in Resources */ = {isa = PBXBuildFile; fileRef = 550FD306247FEA5E00955CBA /* Preview Assets.xcassets */; };
		550FD30A247FEA5E00955CBA /* LaunchScreen.storyboard in Resources */ = {isa = PBXBuildFile; fileRef = 550FD308247FEA5E00955CBA /* LaunchScreen.storyboard */; };
		550FD315247FEA5E00955CBA /* CleanArchitectureTests.swift in Sources */ = {isa = PBXBuildFile; fileRef = 550FD314247FEA5E00955CBA /* CleanArchitectureTests.swift */; };
		550FD320247FEA5F00955CBA /* CleanArchitectureUITests.swift in Sources */ = {isa = PBXBuildFile; fileRef = 550FD31F247FEA5F00955CBA /* CleanArchitectureUITests.swift */; };
/* End PBXBuildFile section */

/* Begin PBXContainerItemProxy section */
		550FD311247FEA5E00955CBA /* PBXContainerItemProxy */ = {
			isa = PBXContainerItemProxy;
			containerPortal = 550FD2F2247FEA5B00955CBA /* Project object */;
			proxyType = 1;
			remoteGlobalIDString = 550FD2F9247FEA5B00955CBA;
			remoteInfo = CleanArchitecture;
		};
		550FD31C247FEA5F00955CBA /* PBXContainerItemProxy */ = {
			isa = PBXContainerItemProxy;
			containerPortal = 550FD2F2247FEA5B00955CBA /* Project object */;
			proxyType = 1;
			remoteGlobalIDString = 550FD2F9247FEA5B00955CBA;
			remoteInfo = CleanArchitecture;
		};
/* End PBXContainerItemProxy section */

/* Begin PBXFileReference section */
		550FD2FA247FEA5B00955CBA /* CleanArchitecture.app */ = {isa = PBXFileReference; explicitFileType = wrapper.application; includeInIndex = 0; path = CleanArchitecture.app; sourceTree = BUILT_PRODUCTS_DIR; };
		550FD2FD247FEA5B00955CBA /* AppDelegate.swift */ = {isa = PBXFileReference; lastKnownFileType = sourcecode.swift; path = AppDelegate.swift; sourceTree = "<group>"; };
		550FD2FF247FEA5B00955CBA /* SceneDelegate.swift */ = {isa = PBXFileReference; lastKnownFileType = sourcecode.swift; path = SceneDelegate.swift; sourceTree = "<group>"; };
		550FD301247FEA5B00955CBA /* ContentView.swift */ = {isa = PBXFileReference; lastKnownFileType = sourcecode.swift; path = ContentView.swift; sourceTree = "<group>"; };
		550FD303247FEA5E00955CBA /* Assets.xcassets */ = {isa = PBXFileReference; lastKnownFileType = folder.assetcatalog; path = Assets.xcassets; sourceTree = "<group>"; };
		550FD306247FEA5E00955CBA /* Preview Assets.xcassets */ = {isa = PBXFileReference; lastKnownFileType = folder.assetcatalog; path = "Preview Assets.xcassets"; sourceTree = "<group>"; };
		550FD309247FEA5E00955CBA /* Base */ = {isa = PBXFileReference; lastKnownFileType = file.storyboard; name = Base; path = Base.lproj/LaunchScreen.storyboard; sourceTree = "<group>"; };
		550FD30B247FEA5E00955CBA /* Info.plist */ = {isa = PBXFileReference; lastKnownFileType = text.plist.xml; path = Info.plist; sourceTree = "<group>"; };
		550FD310247FEA5E00955CBA /* CleanArchitectureTests.xctest */ = {isa = PBXFileReference; explicitFileType = wrapper.cfbundle; includeInIndex = 0; path = CleanArchitectureTests.xctest; sourceTree = BUILT_PRODUCTS_DIR; };
		550FD314247FEA5E00955CBA /* CleanArchitectureTests.swift */ = {isa = PBXFileReference; lastKnownFileType = sourcecode.swift; path = CleanArchitectureTests.swift; sourceTree = "<group>"; };
		550FD316247FEA5E00955CBA /* Info.plist */ = {isa = PBXFileReference; lastKnownFileType = text.plist.xml; path = Info.plist; sourceTree = "<group>"; };
		550FD31B247FEA5F00955CBA /* CleanArchitectureUITests.xctest */ = {isa = PBXFileReference; explicitFileType = wrapper.cfbundle; includeInIndex = 0; path = CleanArchitectureUITests.xctest; sourceTree = BUILT_PRODUCTS_DIR; };
		550FD31F247FEA5F00955CBA /* CleanArchitectureUITests.swift */ = {isa = PBXFileReference; lastKnownFileType = sourcecode.swift; path = CleanArchitectureUITests.swift; sourceTree = "<group>"; };
		550FD321247FEA5F00955CBA /* Info.plist */ = {isa = PBXFileReference; lastKnownFileType = text.plist.xml; path = Info.plist; sourceTree = "<group>"; };
/* End PBXFileReference section */

/* Begin PBXFrameworksBuildPhase section */
		550FD2F7247FEA5B00955CBA /* Frameworks */ = {
			isa = PBXFrameworksBuildPhase;
			buildActionMask = 2147483647;
			files = (
			);
			runOnlyForDeploymentPostprocessing = 0;
		};
		550FD30D247FEA5E00955CBA /* Frameworks */ = {
			isa = PBXFrameworksBuildPhase;
			buildActionMask = 2147483647;
			files = (
			);
			runOnlyForDeploymentPostprocessing = 0;
		};
		550FD318247FEA5F00955CBA /* Frameworks */ = {
			isa = PBXFrameworksBuildPhase;
			buildActionMask = 2147483647;
			files = (
			);
			runOnlyForDeploymentPostprocessing = 0;
		};
/* End PBXFrameworksBuildPhase section */

/* Begin PBXGroup section */
		550FD2F1247FEA5B00955CBA = {
			isa = PBXGroup;
			children = (
				550FD2FC247FEA5B00955CBA /* CleanArchitecture */,
				550FD313247FEA5E00955CBA /* CleanArchitectureTests */,
				550FD31E247FEA5F00955CBA /* CleanArchitectureUITests */,
				550FD2FB247FEA5B00955CBA /* Products */,
			);
			sourceTree = "<group>";
		};
		550FD2FB247FEA5B00955CBA /* Products */ = {
			isa = PBXGroup;
			children = (
				550FD2FA247FEA5B00955CBA /* CleanArchitecture.app */,
				550FD310247FEA5E00955CBA /* CleanArchitectureTests.xctest */,
				550FD31B247FEA5F00955CBA /* CleanArchitectureUITests.xctest */,
			);
			name = Products;
			sourceTree = "<group>";
		};
		550FD2FC247FEA5B00955CBA /* CleanArchitecture */ = {
			isa = PBXGroup;
			children = (
				550FD2FD247FEA5B00955CBA /* AppDelegate.swift */,
				550FD2FF247FEA5B00955CBA /* SceneDelegate.swift */,
				550FD301247FEA5B00955CBA /* ContentView.swift */,
				550FD303247FEA5E00955CBA /* Assets.xcassets */,
				550FD308247FEA5E00955CBA /* LaunchScreen.storyboard */,
				550FD30B247FEA5E00955CBA /* Info.plist */,
				550FD305247FEA5E00955CBA /* Preview Content */,
			);
			path = CleanArchitecture;
			sourceTree = "<group>";
		};
		550FD305247FEA5E00955CBA /* Preview Content */ = {
			isa = PBXGroup;
			children = (
				550FD306247FEA5E00955CBA /* Preview Assets.xcassets */,
			);
			path = "Preview Content";
			sourceTree = "<group>";
		};
		550FD313247FEA5E00955CBA /* CleanArchitectureTests */ = {
			isa = PBXGroup;
			children = (
				550FD314247FEA5E00955CBA /* CleanArchitectureTests.swift */,
				550FD316247FEA5E00955CBA /* Info.plist */,
			);
			path = CleanArchitectureTests;
			sourceTree = "<group>";
		};
		550FD31E247FEA5F00955CBA /* CleanArchitectureUITests */ = {
			isa = PBXGroup;
			children = (
				550FD31F247FEA5F00955CBA /* CleanArchitectureUITests.swift */,
				550FD321247FEA5F00955CBA /* Info.plist */,
			);
			path = CleanArchitectureUITests;
			sourceTree = "<group>";
		};
/* End PBXGroup section */

/* Begin PBXNativeTarget section */
		550FD2F9247FEA5B00955CBA /* CleanArchitecture */ = {
			isa = PBXNativeTarget;
			buildConfigurationList = 550FD324247FEA5F00955CBA /* Build configuration list for PBXNativeTarget "CleanArchitecture" */;
			buildPhases = (
				550FD2F6247FEA5B00955CBA /* Sources */,
				550FD2F7247FEA5B00955CBA /* Frameworks */,
				550FD2F8247FEA5B00955CBA /* Resources */,
			);
			buildRules = (
			);
			dependencies = (
			);
			name = CleanArchitecture;
			productName = CleanArchitecture;
			productReference = 550FD2FA247FEA5B00955CBA /* CleanArchitecture.app */;
			productType = "com.apple.product-type.application";
		};
		550FD30F247FEA5E00955CBA /* CleanArchitectureTests */ = {
			isa = PBXNativeTarget;
			buildConfigurationList = 550FD327247FEA5F00955CBA /* Build configuration list for PBXNativeTarget "CleanArchitectureTests" */;
			buildPhases = (
				550FD30C247FEA5E00955CBA /* Sources */,
				550FD30D247FEA5E00955CBA /* Frameworks */,
				550FD30E247FEA5E00955CBA /* Resources */,
			);
			buildRules = (
			);
			dependencies = (
				550FD312247FEA5E00955CBA /* PBXTargetDependency */,
			);
			name = CleanArchitectureTests;
			productName = CleanArchitectureTests;
			productReference = 550FD310247FEA5E00955CBA /* CleanArchitectureTests.xctest */;
			productType = "com.apple.product-type.bundle.unit-test";
		};
		550FD31A247FEA5F00955CBA /* CleanArchitectureUITests */ = {
			isa = PBXNativeTarget;
			buildConfigurationList = 550FD32A247FEA5F00955CBA /* Build configuration list for PBXNativeTarget "CleanArchitectureUITests" */;
			buildPhases = (
				550FD317247FEA5F00955CBA /* Sources */,
				550FD318247FEA5F00955CBA /* Frameworks */,
				550FD319247FEA5F00955CBA /* Resources */,
			);
			buildRules = (
			);
			dependencies = (
				550FD31D247FEA5F00955CBA /* PBXTargetDependency */,
			);
			name = CleanArchitectureUITests;
			productName = CleanArchitectureUITests;
			productReference = 550FD31B247FEA5F00955CBA /* CleanArchitectureUITests.xctest */;
			productType = "com.apple.product-type.bundle.ui-testing";
		};
/* End PBXNativeTarget section */

/* Begin PBXProject section */
		550FD2F2247FEA5B00955CBA /* Project object */ = {
			isa = PBXProject;
			attributes = {
				LastSwiftUpdateCheck = 1150;
				LastUpgradeCheck = 1150;
				ORGANIZATIONNAME = "Stanfit Inc.";
				TargetAttributes = {
					550FD2F9247FEA5B00955CBA = {
						CreatedOnToolsVersion = 11.5;
					};
					550FD30F247FEA5E00955CBA = {
						CreatedOnToolsVersion = 11.5;
						TestTargetID = 550FD2F9247FEA5B00955CBA;
					};
					550FD31A247FEA5F00955CBA = {
						CreatedOnToolsVersion = 11.5;
						TestTargetID = 550FD2F9247FEA5B00955CBA;
					};
				};
			};
			buildConfigurationList = 550FD2F5247FEA5B00955CBA /* Build configuration list for PBXProject "CleanArchitecture" */;
			compatibilityVersion = "Xcode 9.3";
			developmentRegion = en;
			hasScannedForEncodings = 0;
			knownRegions = (
				en,
				Base,
			);
			mainGroup = 550FD2F1247FEA5B00955CBA;
			productRefGroup = 550FD2FB247FEA5B00955CBA /* Products */;
			projectDirPath = "";
			projectRoot = "";
			targets = (
				550FD2F9247FEA5B00955CBA /* CleanArchitecture */,
				550FD30F247FEA5E00955CBA /* CleanArchitectureTests */,
				550FD31A247FEA5F00955CBA /* CleanArchitectureUITests */,
			);
		};
/* End PBXProject section */

/* Begin PBXResourcesBuildPhase section */
		550FD2F8247FEA5B00955CBA /* Resources */ = {
			isa = PBXResourcesBuildPhase;
			buildActionMask = 2147483647;
			files = (
				550FD30A247FEA5E00955CBA /* LaunchScreen.storyboard in Resources */,
				550FD307247FEA5E00955CBA /* Preview Assets.xcassets in Resources */,
				550FD304247FEA5E00955CBA /* Assets.xcassets in Resources */,
			);
			runOnlyForDeploymentPostprocessing = 0;
		};
		550FD30E247FEA5E00955CBA /* Resources */ = {
			isa = PBXResourcesBuildPhase;
			buildActionMask = 2147483647;
			files = (
			);
			runOnlyForDeploymentPostprocessing = 0;
		};
		550FD319247FEA5F00955CBA /* Resources */ = {
			isa = PBXResourcesBuildPhase;
			buildActionMask = 2147483647;
			files = (
			);
			runOnlyForDeploymentPostprocessing = 0;
		};
/* End PBXResourcesBuildPhase section */

/* Begin PBXSourcesBuildPhase section */
		550FD2F6247FEA5B00955CBA /* Sources */ = {
			isa = PBXSourcesBuildPhase;
			buildActionMask = 2147483647;
			files = (
				550FD2FE247FEA5B00955CBA /* AppDelegate.swift in Sources */,
				550FD300247FEA5B00955CBA /* SceneDelegate.swift in Sources */,
				550FD302247FEA5B00955CBA /* ContentView.swift in Sources */,
			);
			runOnlyForDeploymentPostprocessing = 0;
		};
		550FD30C247FEA5E00955CBA /* Sources */ = {
			isa = PBXSourcesBuildPhase;
			buildActionMask = 2147483647;
			files = (
				550FD315247FEA5E00955CBA /* CleanArchitectureTests.swift in Sources */,
			);
			runOnlyForDeploymentPostprocessing = 0;
		};
		550FD317247FEA5F00955CBA /* Sources */ = {
			isa = PBXSourcesBuildPhase;
			buildActionMask = 2147483647;
			files = (
				550FD320247FEA5F00955CBA /* CleanArchitectureUITests.swift in Sources */,
			);
			runOnlyForDeploymentPostprocessing = 0;
		};
/* End PBXSourcesBuildPhase section */

/* Begin PBXTargetDependency section */
		550FD312247FEA5E00955CBA /* PBXTargetDependency */ = {
			isa = PBXTargetDependency;
			target = 550FD2F9247FEA5B00955CBA /* CleanArchitecture */;
			targetProxy = 550FD311247FEA5E00955CBA /* PBXContainerItemProxy */;
		};
		550FD31D247FEA5F00955CBA /* PBXTargetDependency */ = {
			isa = PBXTargetDependency;
			target = 550FD2F9247FEA5B00955CBA /* CleanArchitecture */;
			targetProxy = 550FD31C247FEA5F00955CBA /* PBXContainerItemProxy */;
		};
/* End PBXTargetDependency section */

/* Begin PBXVariantGroup section */
		550FD308247FEA5E00955CBA /* LaunchScreen.storyboard */ = {
			isa = PBXVariantGroup;
			children = (
				550FD309247FEA5E00955CBA /* Base */,
			);
			name = LaunchScreen.storyboard;
			sourceTree = "<group>";
		};
/* End PBXVariantGroup section */

/* Begin XCBuildConfiguration section */
		550FD322247FEA5F00955CBA /* Debug */ = {
			isa = XCBuildConfiguration;
			buildSettings = {
				ALWAYS_SEARCH_USER_PATHS = NO;
				CLANG_ANALYZER_NONNULL = YES;
				CLANG_ANALYZER_NUMBER_OBJECT_CONVERSION = YES_AGGRESSIVE;
				CLANG_CXX_LANGUAGE_STANDARD = "gnu++14";
				CLANG_CXX_LIBRARY = "libc++";
				CLANG_ENABLE_MODULES = YES;
				CLANG_ENABLE_OBJC_ARC = YES;
				CLANG_ENABLE_OBJC_WEAK = YES;
				CLANG_WARN_BLOCK_CAPTURE_AUTORELEASING = YES;
				CLANG_WARN_BOOL_CONVERSION = YES;
				CLANG_WARN_COMMA = YES;
				CLANG_WARN_CONSTANT_CONVERSION = YES;
				CLANG_WARN_DEPRECATED_OBJC_IMPLEMENTATIONS = YES;
				CLANG_WARN_DIRECT_OBJC_ISA_USAGE = YES_ERROR;
				CLANG_WARN_DOCUMENTATION_COMMENTS = YES;
				CLANG_WARN_EMPTY_BODY = YES;
				CLANG_WARN_ENUM_CONVERSION = YES;
				CLANG_WARN_INFINITE_RECURSION = YES;
				CLANG_WARN_INT_CONVERSION = YES;
				CLANG_WARN_NON_LITERAL_NULL_CONVERSION = YES;
				CLANG_WARN_OBJC_IMPLICIT_RETAIN_SELF = YES;
				CLANG_WARN_OBJC_LITERAL_CONVERSION = YES;
				CLANG_WARN_OBJC_ROOT_CLASS = YES_ERROR;
				CLANG_WARN_RANGE_LOOP_ANALYSIS = YES;
				CLANG_WARN_STRICT_PROTOTYPES = YES;
				CLANG_WARN_SUSPICIOUS_MOVE = YES;
				CLANG_WARN_UNGUARDED_AVAILABILITY = YES_AGGRESSIVE;
				CLANG_WARN_UNREACHABLE_CODE = YES;
				CLANG_WARN__DUPLICATE_METHOD_MATCH = YES;
				COPY_PHASE_STRIP = NO;
				DEBUG_INFORMATION_FORMAT = dwarf;
				ENABLE_STRICT_OBJC_MSGSEND = YES;
				ENABLE_TESTABILITY = YES;
				GCC_C_LANGUAGE_STANDARD = gnu11;
				GCC_DYNAMIC_NO_PIC = NO;
				GCC_NO_COMMON_BLOCKS = YES;
				GCC_OPTIMIZATION_LEVEL = 0;
				GCC_PREPROCESSOR_DEFINITIONS = (
					"DEBUG=1",
					"$(inherited)",
				);
				GCC_WARN_64_TO_32_BIT_CONVERSION = YES;
				GCC_WARN_ABOUT_RETURN_TYPE = YES_ERROR;
				GCC_WARN_UNDECLARED_SELECTOR = YES;
				GCC_WARN_UNINITIALIZED_AUTOS = YES_AGGRESSIVE;
				GCC_WARN_UNUSED_FUNCTION = YES;
				GCC_WARN_UNUSED_VARIABLE = YES;
				IPHONEOS_DEPLOYMENT_TARGET = 13.5;
				MTL_ENABLE_DEBUG_INFO = INCLUDE_SOURCE;
				MTL_FAST_MATH = YES;
				ONLY_ACTIVE_ARCH = YES;
				SDKROOT = iphoneos;
				SWIFT_ACTIVE_COMPILATION_CONDITIONS = DEBUG;
				SWIFT_OPTIMIZATION_LEVEL = "-Onone";
			};
			name = Debug;
		};
		550FD323247FEA5F00955CBA /* Release */ = {
			isa = XCBuildConfiguration;
			buildSettings = {
				ALWAYS_SEARCH_USER_PATHS = NO;
				CLANG_ANALYZER_NONNULL = YES;
				CLANG_ANALYZER_NUMBER_OBJECT_CONVERSION = YES_AGGRESSIVE;
				CLANG_CXX_LANGUAGE_STANDARD = "gnu++14";
				CLANG_CXX_LIBRARY = "libc++";
				CLANG_ENABLE_MODULES = YES;
				CLANG_ENABLE_OBJC_ARC = YES;
				CLANG_ENABLE_OBJC_WEAK = YES;
				CLANG_WARN_BLOCK_CAPTURE_AUTORELEASING = YES;
				CLANG_WARN_BOOL_CONVERSION = YES;
				CLANG_WARN_COMMA = YES;
				CLANG_WARN_CONSTANT_CONVERSION = YES;
				CLANG_WARN_DEPRECATED_OBJC_IMPLEMENTATIONS = YES;
				CLANG_WARN_DIRECT_OBJC_ISA_USAGE = YES_ERROR;
				CLANG_WARN_DOCUMENTATION_COMMENTS = YES;
				CLANG_WARN_EMPTY_BODY = YES;
				CLANG_WARN_ENUM_CONVERSION = YES;
				CLANG_WARN_INFINITE_RECURSION = YES;
				CLANG_WARN_INT_CONVERSION = YES;
				CLANG_WARN_NON_LITERAL_NULL_CONVERSION = YES;
				CLANG_WARN_OBJC_IMPLICIT_RETAIN_SELF = YES;
				CLANG_WARN_OBJC_LITERAL_CONVERSION = YES;
				CLANG_WARN_OBJC_ROOT_CLASS = YES_ERROR;
				CLANG_WARN_RANGE_LOOP_ANALYSIS = YES;
				CLANG_WARN_STRICT_PROTOTYPES = YES;
				CLANG_WARN_SUSPICIOUS_MOVE = YES;
				CLANG_WARN_UNGUARDED_AVAILABILITY = YES_AGGRESSIVE;
				CLANG_WARN_UNREACHABLE_CODE = YES;
				CLANG_WARN__DUPLICATE_METHOD_MATCH = YES;
				COPY_PHASE_STRIP = NO;
				DEBUG_INFORMATION_FORMAT = "dwarf-with-dsym";
				ENABLE_NS_ASSERTIONS = NO;
				ENABLE_STRICT_OBJC_MSGSEND = YES;
				GCC_C_LANGUAGE_STANDARD = gnu11;
				GCC_NO_COMMON_BLOCKS = YES;
				GCC_WARN_64_TO_32_BIT_CONVERSION = YES;
				GCC_WARN_ABOUT_RETURN_TYPE = YES_ERROR;
				GCC_WARN_UNDECLARED_SELECTOR = YES;
				GCC_WARN_UNINITIALIZED_AUTOS = YES_AGGRESSIVE;
				GCC_WARN_UNUSED_FUNCTION = YES;
				GCC_WARN_UNUSED_VARIABLE = YES;
				IPHONEOS_DEPLOYMENT_TARGET = 13.5;
				MTL_ENABLE_DEBUG_INFO = NO;
				MTL_FAST_MATH = YES;
				SDKROOT = iphoneos;
				SWIFT_COMPILATION_MODE = wholemodule;
				SWIFT_OPTIMIZATION_LEVEL = "-O";
				VALIDATE_PRODUCT = YES;
			};
			name = Release;
		};
		550FD325247FEA5F00955CBA /* Debug */ = {
			isa = XCBuildConfiguration;
			buildSettings = {
				ASSETCATALOG_COMPILER_APPICON_NAME = AppIcon;
				CODE_SIGN_STYLE = Automatic;
				DEVELOPMENT_ASSET_PATHS = "\"CleanArchitecture/Preview Content\"";
				ENABLE_PREVIEWS = YES;
				INFOPLIST_FILE = CleanArchitecture/Info.plist;
				LD_RUNPATH_SEARCH_PATHS = (
					"$(inherited)",
					"@executable_path/Frameworks",
				);
				PRODUCT_BUNDLE_IDENTIFIER = com.stanfit.CleanArchitecture;
				PRODUCT_NAME = "$(TARGET_NAME)";
				SWIFT_VERSION = 5.0;
				TARGETED_DEVICE_FAMILY = "1,2";
			};
			name = Debug;
		};
		550FD326247FEA5F00955CBA /* Release */ = {
			isa = XCBuildConfiguration;
			buildSettings = {
				ASSETCATALOG_COMPILER_APPICON_NAME = AppIcon;
				CODE_SIGN_STYLE = Automatic;
				DEVELOPMENT_ASSET_PATHS = "\"CleanArchitecture/Preview Content\"";
				ENABLE_PREVIEWS = YES;
				INFOPLIST_FILE = CleanArchitecture/Info.plist;
				LD_RUNPATH_SEARCH_PATHS = (
					"$(inherited)",
					"@executable_path/Frameworks",
				);
				PRODUCT_BUNDLE_IDENTIFIER = com.stanfit.CleanArchitecture;
				PRODUCT_NAME = "$(TARGET_NAME)";
				SWIFT_VERSION = 5.0;
				TARGETED_DEVICE_FAMILY = "1,2";
			};
			name = Release;
		};
		550FD328247FEA5F00955CBA /* Debug */ = {
			isa = XCBuildConfiguration;
			buildSettings = {
				ALWAYS_EMBED_SWIFT_STANDARD_LIBRARIES = YES;
				BUNDLE_LOADER = "$(TEST_HOST)";
				CODE_SIGN_STYLE = Automatic;
				INFOPLIST_FILE = CleanArchitectureTests/Info.plist;
				IPHONEOS_DEPLOYMENT_TARGET = 13.5;
				LD_RUNPATH_SEARCH_PATHS = (
					"$(inherited)",
					"@executable_path/Frameworks",
					"@loader_path/Frameworks",
				);
				PRODUCT_BUNDLE_IDENTIFIER = com.stanfit.CleanArchitectureTests;
				PRODUCT_NAME = "$(TARGET_NAME)";
				SWIFT_VERSION = 5.0;
				TARGETED_DEVICE_FAMILY = "1,2";
				TEST_HOST = "$(BUILT_PRODUCTS_DIR)/CleanArchitecture.app/CleanArchitecture";
			};
			name = Debug;
		};
		550FD329247FEA5F00955CBA /* Release */ = {
			isa = XCBuildConfiguration;
			buildSettings = {
				ALWAYS_EMBED_SWIFT_STANDARD_LIBRARIES = YES;
				BUNDLE_LOADER = "$(TEST_HOST)";
				CODE_SIGN_STYLE = Automatic;
				INFOPLIST_FILE = CleanArchitectureTests/Info.plist;
				IPHONEOS_DEPLOYMENT_TARGET = 13.5;
				LD_RUNPATH_SEARCH_PATHS = (
					"$(inherited)",
					"@executable_path/Frameworks",
					"@loader_path/Frameworks",
				);
				PRODUCT_BUNDLE_IDENTIFIER = com.stanfit.CleanArchitectureTests;
				PRODUCT_NAME = "$(TARGET_NAME)";
				SWIFT_VERSION = 5.0;
				TARGETED_DEVICE_FAMILY = "1,2";
				TEST_HOST = "$(BUILT_PRODUCTS_DIR)/CleanArchitecture.app/CleanArchitecture";
			};
			name = Release;
		};
		550FD32B247FEA5F00955CBA /* Debug */ = {
			isa = XCBuildConfiguration;
			buildSettings = {
				ALWAYS_EMBED_SWIFT_STANDARD_LIBRARIES = YES;
				CODE_SIGN_STYLE = Automatic;
				INFOPLIST_FILE = CleanArchitectureUITests/Info.plist;
				LD_RUNPATH_SEARCH_PATHS = (
					"$(inherited)",
					"@executable_path/Frameworks",
					"@loader_path/Frameworks",
				);
				PRODUCT_BUNDLE_IDENTIFIER = com.stanfit.CleanArchitectureUITests;
				PRODUCT_NAME = "$(TARGET_NAME)";
				SWIFT_VERSION = 5.0;
				TARGETED_DEVICE_FAMILY = "1,2";
				TEST_TARGET_NAME = CleanArchitecture;
			};
			name = Debug;
		};
		550FD32C247FEA5F00955CBA /* Release */ = {
			isa = XCBuildConfiguration;
			buildSettings = {
				ALWAYS_EMBED_SWIFT_STANDARD_LIBRARIES = YES;
				CODE_SIGN_STYLE = Automatic;
				INFOPLIST_FILE = CleanArchitectureUITests/Info.plist;
				LD_RUNPATH_SEARCH_PATHS = (
					"$(inherited)",
					"@executable_path/Frameworks",
					"@loader_path/Frameworks",
				);
				PRODUCT_BUNDLE_IDENTIFIER = com.stanfit.CleanArchitectureUITests;
				PRODUCT_NAME = "$(TARGET_NAME)";
				SWIFT_VERSION = 5.0;
				TARGETED_DEVICE_FAMILY = "1,2";
				TEST_TARGET_NAME = CleanArchitecture;
			};
			name = Release;
		};
/* End XCBuildConfiguration section */

/* Begin XCConfigurationList section */
		550FD2F5247FEA5B00955CBA /* Build configuration list for PBXProject "CleanArchitecture" */ = {
			isa = XCConfigurationList;
			buildConfigurations = (
				550FD322247FEA5F00955CBA /* Debug */,
				550FD323247FEA5F00955CBA /* Release */,
			);
			defaultConfigurationIsVisible = 0;
			defaultConfigurationName = Release;
		};
		550FD324247FEA5F00955CBA /* Build configuration list for PBXNativeTarget "CleanArchitecture" */ = {
			isa = XCConfigurationList;
			buildConfigurations = (
				550FD325247FEA5F00955CBA /* Debug */,
				550FD326247FEA5F00955CBA /* Release */,
			);
			defaultConfigurationIsVisible = 0;
			defaultConfigurationName = Release;
		};
		550FD327247FEA5F00955CBA /* Build configuration list for PBXNativeTarget "CleanArchitectureTests" */ = {
			isa = XCConfigurationList;
			buildConfigurations = (
				550FD328247FEA5F00955CBA /* Debug */,
				550FD329247FEA5F00955CBA /* Release */,
			);
			defaultConfigurationIsVisible = 0;
			defaultConfigurationName = Release;
		};
		550FD32A247FEA5F00955CBA /* Build configuration list for PBXNativeTarget "CleanArchitectureUITests" */ = {
			isa = XCConfigurationList;
			buildConfigurations = (
				550FD32B247FEA5F00955CBA /* Debug */,
				550FD32C247FEA5F00955CBA /* Release */,
			);
			defaultConfigurationIsVisible = 0;
			defaultConfigurationName = Release;
		};
/* End XCConfigurationList section */
	};
	rootObject = 550FD2F2247FEA5B00955CBA /* Project object */;
}
